// !$*UTF8*$!
{
	archiveVersion = 1;
	classes = {
	};
	objectVersion = 50;
	objects = {

/* Begin PBXBuildFile section */
		54EFE44E2412F781007E9CA0 /* AppDelegate.m in Sources */ = {isa = PBXBuildFile; fileRef = 54EFE44D2412F781007E9CA0 /* AppDelegate.m */; };
		54EFE4512412F781007E9CA0 /* SceneDelegate.m in Sources */ = {isa = PBXBuildFile; fileRef = 54EFE4502412F781007E9CA0 /* SceneDelegate.m */; };
		54EFE4542412F781007E9CA0 /* ViewController.m in Sources */ = {isa = PBXBuildFile; fileRef = 54EFE4532412F781007E9CA0 /* ViewController.m */; };
		54EFE4572412F781007E9CA0 /* Main.storyboard in Resources */ = {isa = PBXBuildFile; fileRef = 54EFE4552412F781007E9CA0 /* Main.storyboard */; };
		54EFE45A2412F781007E9CA0 /* AgendaObjectivC.xcdatamodeld in Sources */ = {isa = PBXBuildFile; fileRef = 54EFE4582412F781007E9CA0 /* AgendaObjectivC.xcdatamodeld */; };
		54EFE45C2412F782007E9CA0 /* Assets.xcassets in Resources */ = {isa = PBXBuildFile; fileRef = 54EFE45B2412F782007E9CA0 /* Assets.xcassets */; };
		54EFE45F2412F782007E9CA0 /* LaunchScreen.storyboard in Resources */ = {isa = PBXBuildFile; fileRef = 54EFE45D2412F782007E9CA0 /* LaunchScreen.storyboard */; };
		54EFE4622412F782007E9CA0 /* main.m in Sources */ = {isa = PBXBuildFile; fileRef = 54EFE4612412F782007E9CA0 /* main.m */; };
		54EFE46C2412F783007E9CA0 /* AgendaObjectivCTests.m in Sources */ = {isa = PBXBuildFile; fileRef = 54EFE46B2412F783007E9CA0 /* AgendaObjectivCTests.m */; };
		54EFE4772412F783007E9CA0 /* AgendaObjectivCUITests.m in Sources */ = {isa = PBXBuildFile; fileRef = 54EFE4762412F783007E9CA0 /* AgendaObjectivCUITests.m */; };
/* End PBXBuildFile section */

/* Begin PBXContainerItemProxy section */
		54EFE4682412F783007E9CA0 /* PBXContainerItemProxy */ = {
			isa = PBXContainerItemProxy;
			containerPortal = 54EFE4412412F781007E9CA0 /* Project object */;
			proxyType = 1;
			remoteGlobalIDString = 54EFE4482412F781007E9CA0;
			remoteInfo = AgendaObjectivC;
		};
		54EFE4732412F783007E9CA0 /* PBXContainerItemProxy */ = {
			isa = PBXContainerItemProxy;
			containerPortal = 54EFE4412412F781007E9CA0 /* Project object */;
			proxyType = 1;
			remoteGlobalIDString = 54EFE4482412F781007E9CA0;
			remoteInfo = AgendaObjectivC;
		};
/* End PBXContainerItemProxy section */

/* Begin PBXFileReference section */
		54EFE4492412F781007E9CA0 /* AgendaObjectivC.app */ = {isa = PBXFileReference; explicitFileType = wrapper.application; includeInIndex = 0; path = AgendaObjectivC.app; sourceTree = BUILT_PRODUCTS_DIR; };
		54EFE44C2412F781007E9CA0 /* AppDelegate.h */ = {isa = PBXFileReference; lastKnownFileType = sourcecode.c.h; path = AppDelegate.h; sourceTree = "<group>"; };
		54EFE44D2412F781007E9CA0 /* AppDelegate.m */ = {isa = PBXFileReference; lastKnownFileType = sourcecode.c.objc; path = AppDelegate.m; sourceTree = "<group>"; };
		54EFE44F2412F781007E9CA0 /* SceneDelegate.h */ = {isa = PBXFileReference; lastKnownFileType = sourcecode.c.h; path = SceneDelegate.h; sourceTree = "<group>"; };
		54EFE4502412F781007E9CA0 /* SceneDelegate.m */ = {isa = PBXFileReference; lastKnownFileType = sourcecode.c.objc; path = SceneDelegate.m; sourceTree = "<group>"; };
		54EFE4522412F781007E9CA0 /* ViewController.h */ = {isa = PBXFileReference; lastKnownFileType = sourcecode.c.h; path = ViewController.h; sourceTree = "<group>"; };
		54EFE4532412F781007E9CA0 /* ViewController.m */ = {isa = PBXFileReference; lastKnownFileType = sourcecode.c.objc; path = ViewController.m; sourceTree = "<group>"; };
		54EFE4562412F781007E9CA0 /* Base */ = {isa = PBXFileReference; lastKnownFileType = file.storyboard; name = Base; path = Base.lproj/Main.storyboard; sourceTree = "<group>"; };
		54EFE4592412F781007E9CA0 /* AgendaObjectivC.xcdatamodel */ = {isa = PBXFileReference; lastKnownFileType = wrapper.xcdatamodel; path = AgendaObjectivC.xcdatamodel; sourceTree = "<group>"; };
		54EFE45B2412F782007E9CA0 /* Assets.xcassets */ = {isa = PBXFileReference; lastKnownFileType = folder.assetcatalog; path = Assets.xcassets; sourceTree = "<group>"; };
		54EFE45E2412F782007E9CA0 /* Base */ = {isa = PBXFileReference; lastKnownFileType = file.storyboard; name = Base; path = Base.lproj/LaunchScreen.storyboard; sourceTree = "<group>"; };
		54EFE4602412F782007E9CA0 /* Info.plist */ = {isa = PBXFileReference; lastKnownFileType = text.plist.xml; path = Info.plist; sourceTree = "<group>"; };
		54EFE4612412F782007E9CA0 /* main.m */ = {isa = PBXFileReference; lastKnownFileType = sourcecode.c.objc; path = main.m; sourceTree = "<group>"; };
		54EFE4672412F783007E9CA0 /* AgendaObjectivCTests.xctest */ = {isa = PBXFileReference; explicitFileType = wrapper.cfbundle; includeInIndex = 0; path = AgendaObjectivCTests.xctest; sourceTree = BUILT_PRODUCTS_DIR; };
		54EFE46B2412F783007E9CA0 /* AgendaObjectivCTests.m */ = {isa = PBXFileReference; lastKnownFileType = sourcecode.c.objc; path = AgendaObjectivCTests.m; sourceTree = "<group>"; };
		54EFE46D2412F783007E9CA0 /* Info.plist */ = {isa = PBXFileReference; lastKnownFileType = text.plist.xml; path = Info.plist; sourceTree = "<group>"; };
		54EFE4722412F783007E9CA0 /* AgendaObjectivCUITests.xctest */ = {isa = PBXFileReference; explicitFileType = wrapper.cfbundle; includeInIndex = 0; path = AgendaObjectivCUITests.xctest; sourceTree = BUILT_PRODUCTS_DIR; };
		54EFE4762412F783007E9CA0 /* AgendaObjectivCUITests.m */ = {isa = PBXFileReference; lastKnownFileType = sourcecode.c.objc; path = AgendaObjectivCUITests.m; sourceTree = "<group>"; };
		54EFE4782412F783007E9CA0 /* Info.plist */ = {isa = PBXFileReference; lastKnownFileType = text.plist.xml; path = Info.plist; sourceTree = "<group>"; };
/* End PBXFileReference section */

/* Begin PBXFrameworksBuildPhase section */
		54EFE4462412F781007E9CA0 /* Frameworks */ = {
			isa = PBXFrameworksBuildPhase;
			buildActionMask = 2147483647;
			files = (
			);
			runOnlyForDeploymentPostprocessing = 0;
		};
		54EFE4642412F783007E9CA0 /* Frameworks */ = {
			isa = PBXFrameworksBuildPhase;
			buildActionMask = 2147483647;
			files = (
			);
			runOnlyForDeploymentPostprocessing = 0;
		};
		54EFE46F2412F783007E9CA0 /* Frameworks */ = {
			isa = PBXFrameworksBuildPhase;
			buildActionMask = 2147483647;
			files = (
			);
			runOnlyForDeploymentPostprocessing = 0;
		};
/* End PBXFrameworksBuildPhase section */

/* Begin PBXGroup section */
		54EFE4402412F781007E9CA0 = {
			isa = PBXGroup;
			children = (
				54EFE44B2412F781007E9CA0 /* AgendaObjectivC */,
				54EFE46A2412F783007E9CA0 /* AgendaObjectivCTests */,
				54EFE4752412F783007E9CA0 /* AgendaObjectivCUITests */,
				54EFE44A2412F781007E9CA0 /* Products */,
			);
			sourceTree = "<group>";
		};
		54EFE44A2412F781007E9CA0 /* Products */ = {
			isa = PBXGroup;
			children = (
				54EFE4492412F781007E9CA0 /* AgendaObjectivC.app */,
				54EFE4672412F783007E9CA0 /* AgendaObjectivCTests.xctest */,
				54EFE4722412F783007E9CA0 /* AgendaObjectivCUITests.xctest */,
			);
			name = Products;
			sourceTree = "<group>";
		};
		54EFE44B2412F781007E9CA0 /* AgendaObjectivC */ = {
			isa = PBXGroup;
			children = (
				54EFE44C2412F781007E9CA0 /* AppDelegate.h */,
				54EFE44D2412F781007E9CA0 /* AppDelegate.m */,
				54EFE44F2412F781007E9CA0 /* SceneDelegate.h */,
				54EFE4502412F781007E9CA0 /* SceneDelegate.m */,
				54EFE4522412F781007E9CA0 /* ViewController.h */,
				54EFE4532412F781007E9CA0 /* ViewController.m */,
				54EFE4552412F781007E9CA0 /* Main.storyboard */,
				54EFE45B2412F782007E9CA0 /* Assets.xcassets */,
				54EFE45D2412F782007E9CA0 /* LaunchScreen.storyboard */,
				54EFE4602412F782007E9CA0 /* Info.plist */,
				54EFE4612412F782007E9CA0 /* main.m */,
				54EFE4582412F781007E9CA0 /* AgendaObjectivC.xcdatamodeld */,
			);
			path = AgendaObjectivC;
			sourceTree = "<group>";
		};
		54EFE46A2412F783007E9CA0 /* AgendaObjectivCTests */ = {
			isa = PBXGroup;
			children = (
				54EFE46B2412F783007E9CA0 /* AgendaObjectivCTests.m */,
				54EFE46D2412F783007E9CA0 /* Info.plist */,
			);
			path = AgendaObjectivCTests;
			sourceTree = "<group>";
		};
		54EFE4752412F783007E9CA0 /* AgendaObjectivCUITests */ = {
			isa = PBXGroup;
			children = (
				54EFE4762412F783007E9CA0 /* AgendaObjectivCUITests.m */,
				54EFE4782412F783007E9CA0 /* Info.plist */,
			);
			path = AgendaObjectivCUITests;
			sourceTree = "<group>";
		};
/* End PBXGroup section */

/* Begin PBXNativeTarget section */
		54EFE4482412F781007E9CA0 /* AgendaObjectivC */ = {
			isa = PBXNativeTarget;
			buildConfigurationList = 54EFE47B2412F783007E9CA0 /* Build configuration list for PBXNativeTarget "AgendaObjectivC" */;
			buildPhases = (
				54EFE4452412F781007E9CA0 /* Sources */,
				54EFE4462412F781007E9CA0 /* Frameworks */,
				54EFE4472412F781007E9CA0 /* Resources */,
			);
			buildRules = (
			);
			dependencies = (
			);
			name = AgendaObjectivC;
			productName = AgendaObjectivC;
			productReference = 54EFE4492412F781007E9CA0 /* AgendaObjectivC.app */;
			productType = "com.apple.product-type.application";
		};
		54EFE4662412F783007E9CA0 /* AgendaObjectivCTests */ = {
			isa = PBXNativeTarget;
			buildConfigurationList = 54EFE47E2412F783007E9CA0 /* Build configuration list for PBXNativeTarget "AgendaObjectivCTests" */;
			buildPhases = (
				54EFE4632412F783007E9CA0 /* Sources */,
				54EFE4642412F783007E9CA0 /* Frameworks */,
				54EFE4652412F783007E9CA0 /* Resources */,
			);
			buildRules = (
			);
			dependencies = (
				54EFE4692412F783007E9CA0 /* PBXTargetDependency */,
			);
			name = AgendaObjectivCTests;
			productName = AgendaObjectivCTests;
			productReference = 54EFE4672412F783007E9CA0 /* AgendaObjectivCTests.xctest */;
			productType = "com.apple.product-type.bundle.unit-test";
		};
		54EFE4712412F783007E9CA0 /* AgendaObjectivCUITests */ = {
			isa = PBXNativeTarget;
			buildConfigurationList = 54EFE4812412F783007E9CA0 /* Build configuration list for PBXNativeTarget "AgendaObjectivCUITests" */;
			buildPhases = (
				54EFE46E2412F783007E9CA0 /* Sources */,
				54EFE46F2412F783007E9CA0 /* Frameworks */,
				54EFE4702412F783007E9CA0 /* Resources */,
			);
			buildRules = (
			);
			dependencies = (
				54EFE4742412F783007E9CA0 /* PBXTargetDependency */,
			);
			name = AgendaObjectivCUITests;
			productName = AgendaObjectivCUITests;
			productReference = 54EFE4722412F783007E9CA0 /* AgendaObjectivCUITests.xctest */;
			productType = "com.apple.product-type.bundle.ui-testing";
		};
/* End PBXNativeTarget section */

/* Begin PBXProject section */
		54EFE4412412F781007E9CA0 /* Project object */ = {
			isa = PBXProject;
			attributes = {
				LastUpgradeCheck = 1130;
				ORGANIZATIONNAME = "Cátia Souza";
				TargetAttributes = {
					54EFE4482412F781007E9CA0 = {
						CreatedOnToolsVersion = 11.3.1;
					};
					54EFE4662412F783007E9CA0 = {
						CreatedOnToolsVersion = 11.3.1;
						TestTargetID = 54EFE4482412F781007E9CA0;
					};
					54EFE4712412F783007E9CA0 = {
						CreatedOnToolsVersion = 11.3.1;
						TestTargetID = 54EFE4482412F781007E9CA0;
					};
				};
			};
			buildConfigurationList = 54EFE4442412F781007E9CA0 /* Build configuration list for PBXProject "AgendaObjectivC" */;
			compatibilityVersion = "Xcode 9.3";
			developmentRegion = en;
			hasScannedForEncodings = 0;
			knownRegions = (
				en,
				Base,
			);
			mainGroup = 54EFE4402412F781007E9CA0;
			productRefGroup = 54EFE44A2412F781007E9CA0 /* Products */;
			projectDirPath = "";
			projectRoot = "";
			targets = (
				54EFE4482412F781007E9CA0 /* AgendaObjectivC */,
				54EFE4662412F783007E9CA0 /* AgendaObjectivCTests */,
				54EFE4712412F783007E9CA0 /* AgendaObjectivCUITests */,
			);
		};
/* End PBXProject section */

/* Begin PBXResourcesBuildPhase section */
		54EFE4472412F781007E9CA0 /* Resources */ = {
			isa = PBXResourcesBuildPhase;
			buildActionMask = 2147483647;
			files = (
				54EFE45F2412F782007E9CA0 /* LaunchScreen.storyboard in Resources */,
				54EFE45C2412F782007E9CA0 /* Assets.xcassets in Resources */,
				54EFE4572412F781007E9CA0 /* Main.storyboard in Resources */,
			);
			runOnlyForDeploymentPostprocessing = 0;
		};
		54EFE4652412F783007E9CA0 /* Resources */ = {
			isa = PBXResourcesBuildPhase;
			buildActionMask = 2147483647;
			files = (
			);
			runOnlyForDeploymentPostprocessing = 0;
		};
		54EFE4702412F783007E9CA0 /* Resources */ = {
			isa = PBXResourcesBuildPhase;
			buildActionMask = 2147483647;
			files = (
			);
			runOnlyForDeploymentPostprocessing = 0;
		};
/* End PBXResourcesBuildPhase section */

/* Begin PBXSourcesBuildPhase section */
		54EFE4452412F781007E9CA0 /* Sources */ = {
			isa = PBXSourcesBuildPhase;
			buildActionMask = 2147483647;
			files = (
				54EFE4622412F782007E9CA0 /* main.m in Sources */,
				54EFE4542412F781007E9CA0 /* ViewController.m in Sources */,
				54EFE45A2412F781007E9CA0 /* AgendaObjectivC.xcdatamodeld in Sources */,
				54EFE44E2412F781007E9CA0 /* AppDelegate.m in Sources */,
				54EFE4512412F781007E9CA0 /* SceneDelegate.m in Sources */,
			);
			runOnlyForDeploymentPostprocessing = 0;
		};
		54EFE4632412F783007E9CA0 /* Sources */ = {
			isa = PBXSourcesBuildPhase;
			buildActionMask = 2147483647;
			files = (
				54EFE46C2412F783007E9CA0 /* AgendaObjectivCTests.m in Sources */,
			);
			runOnlyForDeploymentPostprocessing = 0;
		};
		54EFE46E2412F783007E9CA0 /* Sources */ = {
			isa = PBXSourcesBuildPhase;
			buildActionMask = 2147483647;
			files = (
				54EFE4772412F783007E9CA0 /* AgendaObjectivCUITests.m in Sources */,
			);
			runOnlyForDeploymentPostprocessing = 0;
		};
/* End PBXSourcesBuildPhase section */

/* Begin PBXTargetDependency section */
		54EFE4692412F783007E9CA0 /* PBXTargetDependency */ = {
			isa = PBXTargetDependency;
			target = 54EFE4482412F781007E9CA0 /* AgendaObjectivC */;
			targetProxy = 54EFE4682412F783007E9CA0 /* PBXContainerItemProxy */;
		};
		54EFE4742412F783007E9CA0 /* PBXTargetDependency */ = {
			isa = PBXTargetDependency;
			target = 54EFE4482412F781007E9CA0 /* AgendaObjectivC */;
			targetProxy = 54EFE4732412F783007E9CA0 /* PBXContainerItemProxy */;
		};
/* End PBXTargetDependency section */

/* Begin PBXVariantGroup section */
		54EFE4552412F781007E9CA0 /* Main.storyboard */ = {
			isa = PBXVariantGroup;
			children = (
				54EFE4562412F781007E9CA0 /* Base */,
			);
			name = Main.storyboard;
			sourceTree = "<group>";
		};
		54EFE45D2412F782007E9CA0 /* LaunchScreen.storyboard */ = {
			isa = PBXVariantGroup;
			children = (
				54EFE45E2412F782007E9CA0 /* Base */,
			);
			name = LaunchScreen.storyboard;
			sourceTree = "<group>";
		};
/* End PBXVariantGroup section */

/* Begin XCBuildConfiguration section */
		54EFE4792412F783007E9CA0 /* Debug */ = {
			isa = XCBuildConfiguration;
			buildSettings = {
				ALWAYS_SEARCH_USER_PATHS = NO;
				CLANG_ANALYZER_NONNULL = YES;
				CLANG_ANALYZER_NUMBER_OBJECT_CONVERSION = YES_AGGRESSIVE;
				CLANG_CXX_LANGUAGE_STANDARD = "gnu++14";
				CLANG_CXX_LIBRARY = "libc++";
				CLANG_ENABLE_MODULES = YES;
				CLANG_ENABLE_OBJC_ARC = YES;
				CLANG_ENABLE_OBJC_WEAK = YES;
				CLANG_WARN_BLOCK_CAPTURE_AUTORELEASING = YES;
				CLANG_WARN_BOOL_CONVERSION = YES;
				CLANG_WARN_COMMA = YES;
				CLANG_WARN_CONSTANT_CONVERSION = YES;
				CLANG_WARN_DEPRECATED_OBJC_IMPLEMENTATIONS = YES;
				CLANG_WARN_DIRECT_OBJC_ISA_USAGE = YES_ERROR;
				CLANG_WARN_DOCUMENTATION_COMMENTS = YES;
				CLANG_WARN_EMPTY_BODY = YES;
				CLANG_WARN_ENUM_CONVERSION = YES;
				CLANG_WARN_INFINITE_RECURSION = YES;
				CLANG_WARN_INT_CONVERSION = YES;
				CLANG_WARN_NON_LITERAL_NULL_CONVERSION = YES;
				CLANG_WARN_OBJC_IMPLICIT_RETAIN_SELF = YES;
				CLANG_WARN_OBJC_LITERAL_CONVERSION = YES;
				CLANG_WARN_OBJC_ROOT_CLASS = YES_ERROR;
				CLANG_WARN_RANGE_LOOP_ANALYSIS = YES;
				CLANG_WARN_STRICT_PROTOTYPES = YES;
				CLANG_WARN_SUSPICIOUS_MOVE = YES;
				CLANG_WARN_UNGUARDED_AVAILABILITY = YES_AGGRESSIVE;
				CLANG_WARN_UNREACHABLE_CODE = YES;
				CLANG_WARN__DUPLICATE_METHOD_MATCH = YES;
				COPY_PHASE_STRIP = NO;
				DEBUG_INFORMATION_FORMAT = dwarf;
				ENABLE_STRICT_OBJC_MSGSEND = YES;
				ENABLE_TESTABILITY = YES;
				GCC_C_LANGUAGE_STANDARD = gnu11;
				GCC_DYNAMIC_NO_PIC = NO;
				GCC_NO_COMMON_BLOCKS = YES;
				GCC_OPTIMIZATION_LEVEL = 0;
				GCC_PREPROCESSOR_DEFINITIONS = (
					"DEBUG=1",
					"$(inherited)",
				);
				GCC_WARN_64_TO_32_BIT_CONVERSION = YES;
				GCC_WARN_ABOUT_RETURN_TYPE = YES_ERROR;
				GCC_WARN_UNDECLARED_SELECTOR = YES;
				GCC_WARN_UNINITIALIZED_AUTOS = YES_AGGRESSIVE;
				GCC_WARN_UNUSED_FUNCTION = YES;
				GCC_WARN_UNUSED_VARIABLE = YES;
				IPHONEOS_DEPLOYMENT_TARGET = 13.2;
				MTL_ENABLE_DEBUG_INFO = INCLUDE_SOURCE;
				MTL_FAST_MATH = YES;
				ONLY_ACTIVE_ARCH = YES;
				SDKROOT = iphoneos;
			};
			name = Debug;
		};
		54EFE47A2412F783007E9CA0 /* Release */ = {
			isa = XCBuildConfiguration;
			buildSettings = {
				ALWAYS_SEARCH_USER_PATHS = NO;
				CLANG_ANALYZER_NONNULL = YES;
				CLANG_ANALYZER_NUMBER_OBJECT_CONVERSION = YES_AGGRESSIVE;
				CLANG_CXX_LANGUAGE_STANDARD = "gnu++14";
				CLANG_CXX_LIBRARY = "libc++";
				CLANG_ENABLE_MODULES = YES;
				CLANG_ENABLE_OBJC_ARC = YES;
				CLANG_ENABLE_OBJC_WEAK = YES;
				CLANG_WARN_BLOCK_CAPTURE_AUTORELEASING = YES;
				CLANG_WARN_BOOL_CONVERSION = YES;
				CLANG_WARN_COMMA = YES;
				CLANG_WARN_CONSTANT_CONVERSION = YES;
				CLANG_WARN_DEPRECATED_OBJC_IMPLEMENTATIONS = YES;
				CLANG_WARN_DIRECT_OBJC_ISA_USAGE = YES_ERROR;
				CLANG_WARN_DOCUMENTATION_COMMENTS = YES;
				CLANG_WARN_EMPTY_BODY = YES;
				CLANG_WARN_ENUM_CONVERSION = YES;
				CLANG_WARN_INFINITE_RECURSION = YES;
				CLANG_WARN_INT_CONVERSION = YES;
				CLANG_WARN_NON_LITERAL_NULL_CONVERSION = YES;
				CLANG_WARN_OBJC_IMPLICIT_RETAIN_SELF = YES;
				CLANG_WARN_OBJC_LITERAL_CONVERSION = YES;
				CLANG_WARN_OBJC_ROOT_CLASS = YES_ERROR;
				CLANG_WARN_RANGE_LOOP_ANALYSIS = YES;
				CLANG_WARN_STRICT_PROTOTYPES = YES;
				CLANG_WARN_SUSPICIOUS_MOVE = YES;
				CLANG_WARN_UNGUARDED_AVAILABILITY = YES_AGGRESSIVE;
				CLANG_WARN_UNREACHABLE_CODE = YES;
				CLANG_WARN__DUPLICATE_METHOD_MATCH = YES;
				COPY_PHASE_STRIP = NO;
				DEBUG_INFORMATION_FORMAT = "dwarf-with-dsym";
				ENABLE_NS_ASSERTIONS = NO;
				ENABLE_STRICT_OBJC_MSGSEND = YES;
				GCC_C_LANGUAGE_STANDARD = gnu11;
				GCC_NO_COMMON_BLOCKS = YES;
				GCC_WARN_64_TO_32_BIT_CONVERSION = YES;
				GCC_WARN_ABOUT_RETURN_TYPE = YES_ERROR;
				GCC_WARN_UNDECLARED_SELECTOR = YES;
				GCC_WARN_UNINITIALIZED_AUTOS = YES_AGGRESSIVE;
				GCC_WARN_UNUSED_FUNCTION = YES;
				GCC_WARN_UNUSED_VARIABLE = YES;
				IPHONEOS_DEPLOYMENT_TARGET = 13.2;
				MTL_ENABLE_DEBUG_INFO = NO;
				MTL_FAST_MATH = YES;
				SDKROOT = iphoneos;
				VALIDATE_PRODUCT = YES;
			};
			name = Release;
		};
		54EFE47C2412F783007E9CA0 /* Debug */ = {
			isa = XCBuildConfiguration;
			buildSettings = {
				ASSETCATALOG_COMPILER_APPICON_NAME = AppIcon;
				CODE_SIGN_STYLE = Automatic;
				DEVELOPMENT_TEAM = AS994HB957;
				INFOPLIST_FILE = AgendaObjectivC/Info.plist;
				LD_RUNPATH_SEARCH_PATHS = (
					"$(inherited)",
					"@executable_path/Frameworks",
				);
				PRODUCT_BUNDLE_IDENTIFIER = com.br.catiasouza.AgendaObjectivC;
				PRODUCT_NAME = "$(TARGET_NAME)";
				TARGETED_DEVICE_FAMILY = "1,2";
			};
			name = Debug;
		};
		54EFE47D2412F783007E9CA0 /* Release */ = {
			isa = XCBuildConfiguration;
			buildSettings = {
				ASSETCATALOG_COMPILER_APPICON_NAME = AppIcon;
				CODE_SIGN_STYLE = Automatic;
				DEVELOPMENT_TEAM = AS994HB957;
				INFOPLIST_FILE = AgendaObjectivC/Info.plist;
				LD_RUNPATH_SEARCH_PATHS = (
					"$(inherited)",
					"@executable_path/Frameworks",
				);
				PRODUCT_BUNDLE_IDENTIFIER = com.br.catiasouza.AgendaObjectivC;
				PRODUCT_NAME = "$(TARGET_NAME)";
				TARGETED_DEVICE_FAMILY = "1,2";
			};
			name = Release;
		};
		54EFE47F2412F783007E9CA0 /* Debug */ = {
			isa = XCBuildConfiguration;
			buildSettings = {
				BUNDLE_LOADER = "$(TEST_HOST)";
				CODE_SIGN_STYLE = Automatic;
				DEVELOPMENT_TEAM = AS994HB957;
				INFOPLIST_FILE = AgendaObjectivCTests/Info.plist;
				IPHONEOS_DEPLOYMENT_TARGET = 13.2;
				LD_RUNPATH_SEARCH_PATHS = (
					"$(inherited)",
					"@executable_path/Frameworks",
					"@loader_path/Frameworks",
				);
				PRODUCT_BUNDLE_IDENTIFIER = com.br.catiasouza.AgendaObjectivCTests;
				PRODUCT_NAME = "$(TARGET_NAME)";
				TARGETED_DEVICE_FAMILY = "1,2";
				TEST_HOST = "$(BUILT_PRODUCTS_DIR)/AgendaObjectivC.app/AgendaObjectivC";
			};
			name = Debug;
		};
		54EFE4802412F783007E9CA0 /* Release */ = {
			isa = XCBuildConfiguration;
			buildSettings = {
				BUNDLE_LOADER = "$(TEST_HOST)";
				CODE_SIGN_STYLE = Automatic;
				DEVELOPMENT_TEAM = AS994HB957;
				INFOPLIST_FILE = AgendaObjectivCTests/Info.plist;
				IPHONEOS_DEPLOYMENT_TARGET = 13.2;
				LD_RUNPATH_SEARCH_PATHS = (
					"$(inherited)",
					"@executable_path/Frameworks",
					"@loader_path/Frameworks",
				);
				PRODUCT_BUNDLE_IDENTIFIER = com.br.catiasouza.AgendaObjectivCTests;
				PRODUCT_NAME = "$(TARGET_NAME)";
				TARGETED_DEVICE_FAMILY = "1,2";
				TEST_HOST = "$(BUILT_PRODUCTS_DIR)/AgendaObjectivC.app/AgendaObjectivC";
			};
			name = Release;
		};
		54EFE4822412F783007E9CA0 /* Debug */ = {
			isa = XCBuildConfiguration;
			buildSettings = {
				CODE_SIGN_STYLE = Automatic;
				DEVELOPMENT_TEAM = AS994HB957;
				INFOPLIST_FILE = AgendaObjectivCUITests/Info.plist;
				LD_RUNPATH_SEARCH_PATHS = (
					"$(inherited)",
					"@executable_path/Frameworks",
					"@loader_path/Frameworks",
				);
				PRODUCT_BUNDLE_IDENTIFIER = com.br.catiasouza.AgendaObjectivCUITests;
				PRODUCT_NAME = "$(TARGET_NAME)";
				TARGETED_DEVICE_FAMILY = "1,2";
				TEST_TARGET_NAME = AgendaObjectivC;
			};
			name = Debug;
		};
		54EFE4832412F783007E9CA0 /* Release */ = {
			isa = XCBuildConfiguration;
			buildSettings = {
				CODE_SIGN_STYLE = Automatic;
				DEVELOPMENT_TEAM = AS994HB957;
				INFOPLIST_FILE = AgendaObjectivCUITests/Info.plist;
				LD_RUNPATH_SEARCH_PATHS = (
					"$(inherited)",
					"@executable_path/Frameworks",
					"@loader_path/Frameworks",
				);
				PRODUCT_BUNDLE_IDENTIFIER = com.br.catiasouza.AgendaObjectivCUITests;
				PRODUCT_NAME = "$(TARGET_NAME)";
				TARGETED_DEVICE_FAMILY = "1,2";
				TEST_TARGET_NAME = AgendaObjectivC;
			};
			name = Release;
		};
/* End XCBuildConfiguration section */

/* Begin XCConfigurationList section */
		54EFE4442412F781007E9CA0 /* Build configuration list for PBXProject "AgendaObjectivC" */ = {
			isa = XCConfigurationList;
			buildConfigurations = (
				54EFE4792412F783007E9CA0 /* Debug */,
				54EFE47A2412F783007E9CA0 /* Release */,
			);
			defaultConfigurationIsVisible = 0;
			defaultConfigurationName = Release;
		};
		54EFE47B2412F783007E9CA0 /* Build configuration list for PBXNativeTarget "AgendaObjectivC" */ = {
			isa = XCConfigurationList;
			buildConfigurations = (
				54EFE47C2412F783007E9CA0 /* Debug */,
				54EFE47D2412F783007E9CA0 /* Release */,
			);
			defaultConfigurationIsVisible = 0;
			defaultConfigurationName = Release;
		};
		54EFE47E2412F783007E9CA0 /* Build configuration list for PBXNativeTarget "AgendaObjectivCTests" */ = {
			isa = XCConfigurationList;
			buildConfigurations = (
				54EFE47F2412F783007E9CA0 /* Debug */,
				54EFE4802412F783007E9CA0 /* Release */,
			);
			defaultConfigurationIsVisible = 0;
			defaultConfigurationName = Release;
		};
		54EFE4812412F783007E9CA0 /* Build configuration list for PBXNativeTarget "AgendaObjectivCUITests" */ = {
			isa = XCConfigurationList;
			buildConfigurations = (
				54EFE4822412F783007E9CA0 /* Debug */,
				54EFE4832412F783007E9CA0 /* Release */,
			);
			defaultConfigurationIsVisible = 0;
			defaultConfigurationName = Release;
		};
/* End XCConfigurationList section */

/* Begin XCVersionGroup section */
		54EFE4582412F781007E9CA0 /* AgendaObjectivC.xcdatamodeld */ = {
			isa = XCVersionGroup;
			children = (
				54EFE4592412F781007E9CA0 /* AgendaObjectivC.xcdatamodel */,
			);
			currentVersion = 54EFE4592412F781007E9CA0 /* AgendaObjectivC.xcdatamodel */;
			path = AgendaObjectivC.xcdatamodeld;
			sourceTree = "<group>";
			versionGroupType = wrapper.xcdatamodel;
		};
/* End XCVersionGroup section */
	};
	rootObject = 54EFE4412412F781007E9CA0 /* Project object */;
}
